// !$*UTF8*$!
{
	archiveVersion = 1;
	classes = {
	};
	objectVersion = 55;
	objects = {

/* Begin PBXBuildFile section */
		B364DE312832BD040095E6D7 /* AppDelegate.swift in Sources */ = {isa = PBXBuildFile; fileRef = B364DE302832BD040095E6D7 /* AppDelegate.swift */; };
		B364DE332832BD040095E6D7 /* SceneDelegate.swift in Sources */ = {isa = PBXBuildFile; fileRef = B364DE322832BD040095E6D7 /* SceneDelegate.swift */; };
		B364DE382832BD040095E6D7 /* Main.storyboard in Resources */ = {isa = PBXBuildFile; fileRef = B364DE362832BD040095E6D7 /* Main.storyboard */; };
		B364DE3B2832BD040095E6D7 /* Yashrajsinh_MyOrder.xcdatamodeld in Sources */ = {isa = PBXBuildFile; fileRef = B364DE392832BD040095E6D7 /* Yashrajsinh_MyOrder.xcdatamodeld */; };
		B364DE3D2832BD050095E6D7 /* Assets.xcassets in Resources */ = {isa = PBXBuildFile; fileRef = B364DE3C2832BD050095E6D7 /* Assets.xcassets */; };
		B364DE402832BD050095E6D7 /* LaunchScreen.storyboard in Resources */ = {isa = PBXBuildFile; fileRef = B364DE3E2832BD050095E6D7 /* LaunchScreen.storyboard */; };
		B3D8BC6A2832C38800A500CB /* OrderViewController.swift in Sources */ = {isa = PBXBuildFile; fileRef = B3D8BC692832C38800A500CB /* OrderViewController.swift */; };
		B3D8BC6E2832C3EA00A500CB /* OrderListTableViewController.swift in Sources */ = {isa = PBXBuildFile; fileRef = B3D8BC6D2832C3EA00A500CB /* OrderListTableViewController.swift */; };
		B3D8BC702832CD3E00A500CB /* OrderListTableViewCell.swift in Sources */ = {isa = PBXBuildFile; fileRef = B3D8BC6F2832CD3E00A500CB /* OrderListTableViewCell.swift */; };
		B3D8BC722832CFBF00A500CB /* CoreDBHelper.swift in Sources */ = {isa = PBXBuildFile; fileRef = B3D8BC712832CFBF00A500CB /* CoreDBHelper.swift */; };
/* End PBXBuildFile section */

/* Begin PBXFileReference section */
		B364DE2D2832BD040095E6D7 /* Yashrajsinh_MyOrder.app */ = {isa = PBXFileReference; explicitFileType = wrapper.application; includeInIndex = 0; path = Yashrajsinh_MyOrder.app; sourceTree = BUILT_PRODUCTS_DIR; };
		B364DE302832BD040095E6D7 /* AppDelegate.swift */ = {isa = PBXFileReference; lastKnownFileType = sourcecode.swift; path = AppDelegate.swift; sourceTree = "<group>"; };
		B364DE322832BD040095E6D7 /* SceneDelegate.swift */ = {isa = PBXFileReference; lastKnownFileType = sourcecode.swift; path = SceneDelegate.swift; sourceTree = "<group>"; };
		B364DE372832BD040095E6D7 /* Base */ = {isa = PBXFileReference; lastKnownFileType = file.storyboard; name = Base; path = Base.lproj/Main.storyboard; sourceTree = "<group>"; };
		B364DE3A2832BD040095E6D7 /* Yashrajsinh_MyOrder.xcdatamodel */ = {isa = PBXFileReference; lastKnownFileType = wrapper.xcdatamodel; path = Yashrajsinh_MyOrder.xcdatamodel; sourceTree = "<group>"; };
		B364DE3C2832BD050095E6D7 /* Assets.xcassets */ = {isa = PBXFileReference; lastKnownFileType = folder.assetcatalog; path = Assets.xcassets; sourceTree = "<group>"; };
		B364DE3F2832BD050095E6D7 /* Base */ = {isa = PBXFileReference; lastKnownFileType = file.storyboard; name = Base; path = Base.lproj/LaunchScreen.storyboard; sourceTree = "<group>"; };
		B364DE412832BD050095E6D7 /* Info.plist */ = {isa = PBXFileReference; lastKnownFileType = text.plist.xml; path = Info.plist; sourceTree = "<group>"; };
		B3D8BC692832C38800A500CB /* OrderViewController.swift */ = {isa = PBXFileReference; lastKnownFileType = sourcecode.swift; path = OrderViewController.swift; sourceTree = "<group>"; };
		B3D8BC6D2832C3EA00A500CB /* OrderListTableViewController.swift */ = {isa = PBXFileReference; lastKnownFileType = sourcecode.swift; path = OrderListTableViewController.swift; sourceTree = "<group>"; };
		B3D8BC6F2832CD3E00A500CB /* OrderListTableViewCell.swift */ = {isa = PBXFileReference; lastKnownFileType = sourcecode.swift; path = OrderListTableViewCell.swift; sourceTree = "<group>"; };
		B3D8BC712832CFBF00A500CB /* CoreDBHelper.swift */ = {isa = PBXFileReference; lastKnownFileType = sourcecode.swift; path = CoreDBHelper.swift; sourceTree = "<group>"; };
/* End PBXFileReference section */

/* Begin PBXFrameworksBuildPhase section */
		B364DE2A2832BD040095E6D7 /* Frameworks */ = {
			isa = PBXFrameworksBuildPhase;
			buildActionMask = 2147483647;
			files = (
			);
			runOnlyForDeploymentPostprocessing = 0;
		};
/* End PBXFrameworksBuildPhase section */

/* Begin PBXGroup section */
		B364DE242832BD040095E6D7 = {
			isa = PBXGroup;
			children = (
				B364DE2F2832BD040095E6D7 /* Yashrajsinh_MyOrder */,
				B364DE2E2832BD040095E6D7 /* Products */,
			);
			sourceTree = "<group>";
		};
		B364DE2E2832BD040095E6D7 /* Products */ = {
			isa = PBXGroup;
			children = (
				B364DE2D2832BD040095E6D7 /* Yashrajsinh_MyOrder.app */,
			);
			name = Products;
			sourceTree = "<group>";
		};
		B364DE2F2832BD040095E6D7 /* Yashrajsinh_MyOrder */ = {
			isa = PBXGroup;
			children = (
				B364DE302832BD040095E6D7 /* AppDelegate.swift */,
				B364DE322832BD040095E6D7 /* SceneDelegate.swift */,
				B364DE362832BD040095E6D7 /* Main.storyboard */,
				B364DE3C2832BD050095E6D7 /* Assets.xcassets */,
				B364DE3E2832BD050095E6D7 /* LaunchScreen.storyboard */,
				B364DE412832BD050095E6D7 /* Info.plist */,
				B364DE392832BD040095E6D7 /* Yashrajsinh_MyOrder.xcdatamodeld */,
				B3D8BC692832C38800A500CB /* OrderViewController.swift */,
				B3D8BC6D2832C3EA00A500CB /* OrderListTableViewController.swift */,
				B3D8BC6F2832CD3E00A500CB /* OrderListTableViewCell.swift */,
				B3D8BC712832CFBF00A500CB /* CoreDBHelper.swift */,
			);
			path = Yashrajsinh_MyOrder;
			sourceTree = "<group>";
		};
/* End PBXGroup section */

/* Begin PBXNativeTarget section */
		B364DE2C2832BD040095E6D7 /* Yashrajsinh_MyOrder */ = {
			isa = PBXNativeTarget;
			buildConfigurationList = B364DE442832BD050095E6D7 /* Build configuration list for PBXNativeTarget "Yashrajsinh_MyOrder" */;
			buildPhases = (
				B364DE292832BD040095E6D7 /* Sources */,
				B364DE2A2832BD040095E6D7 /* Frameworks */,
				B364DE2B2832BD040095E6D7 /* Resources */,
			);
			buildRules = (
			);
			dependencies = (
			);
			name = Yashrajsinh_MyOrder;
			productName = Yashrajsinh_MyOrder;
			productReference = B364DE2D2832BD040095E6D7 /* Yashrajsinh_MyOrder.app */;
			productType = "com.apple.product-type.application";
		};
/* End PBXNativeTarget section */

/* Begin PBXProject section */
		B364DE252832BD040095E6D7 /* Project object */ = {
			isa = PBXProject;
			attributes = {
				BuildIndependentTargetsInParallel = 1;
				LastSwiftUpdateCheck = 1330;
				LastUpgradeCheck = 1330;
				TargetAttributes = {
					B364DE2C2832BD040095E6D7 = {
						CreatedOnToolsVersion = 13.3.1;
					};
				};
			};
			buildConfigurationList = B364DE282832BD040095E6D7 /* Build configuration list for PBXProject "Yashrajsinh_MyOrder" */;
			compatibilityVersion = "Xcode 13.0";
			developmentRegion = en;
			hasScannedForEncodings = 0;
			knownRegions = (
				en,
				Base,
			);
			mainGroup = B364DE242832BD040095E6D7;
			productRefGroup = B364DE2E2832BD040095E6D7 /* Products */;
			projectDirPath = "";
			projectRoot = "";
			targets = (
				B364DE2C2832BD040095E6D7 /* Yashrajsinh_MyOrder */,
			);
		};
/* End PBXProject section */

/* Begin PBXResourcesBuildPhase section */
		B364DE2B2832BD040095E6D7 /* Resources */ = {
			isa = PBXResourcesBuildPhase;
			buildActionMask = 2147483647;
			files = (
				B364DE402832BD050095E6D7 /* LaunchScreen.storyboard in Resources */,
				B364DE3D2832BD050095E6D7 /* Assets.xcassets in Resources */,
				B364DE382832BD040095E6D7 /* Main.storyboard in Resources */,
			);
			runOnlyForDeploymentPostprocessing = 0;
		};
/* End PBXResourcesBuildPhase section */

/* Begin PBXSourcesBuildPhase section */
		B364DE292832BD040095E6D7 /* Sources */ = {
			isa = PBXSourcesBuildPhase;
			buildActionMask = 2147483647;
			files = (
				B3D8BC702832CD3E00A500CB /* OrderListTableViewCell.swift in Sources */,
				B3D8BC722832CFBF00A500CB /* CoreDBHelper.swift in Sources */,
				B3D8BC6E2832C3EA00A500CB /* OrderListTableViewController.swift in Sources */,
				B364DE312832BD040095E6D7 /* AppDelegate.swift in Sources */,
				B364DE3B2832BD040095E6D7 /* Yashrajsinh_MyOrder.xcdatamodeld in Sources */,
				B364DE332832BD040095E6D7 /* SceneDelegate.swift in Sources */,
				B3D8BC6A2832C38800A500CB /* OrderViewController.swift in Sources */,
			);
			runOnlyForDeploymentPostprocessing = 0;
		};
/* End PBXSourcesBuildPhase section */

/* Begin PBXVariantGroup section */
		B364DE362832BD040095E6D7 /* Main.storyboard */ = {
			isa = PBXVariantGroup;
			children = (
				B364DE372832BD040095E6D7 /* Base */,
			);
			name = Main.storyboard;
			sourceTree = "<group>";
		};
		B364DE3E2832BD050095E6D7 /* LaunchScreen.storyboard */ = {
			isa = PBXVariantGroup;
			children = (
				B364DE3F2832BD050095E6D7 /* Base */,
			);
			name = LaunchScreen.storyboard;
			sourceTree = "<group>";
		};
/* End PBXVariantGroup section */

/* Begin XCBuildConfiguration section */
		B364DE422832BD050095E6D7 /* Debug */ = {
			isa = XCBuildConfiguration;
			buildSettings = {
				ALWAYS_SEARCH_USER_PATHS = NO;
				CLANG_ANALYZER_NONNULL = YES;
				CLANG_ANALYZER_NUMBER_OBJECT_CONVERSION = YES_AGGRESSIVE;
				CLANG_CXX_LANGUAGE_STANDARD = "gnu++17";
				CLANG_ENABLE_MODULES = YES;
				CLANG_ENABLE_OBJC_ARC = YES;
				CLANG_ENABLE_OBJC_WEAK = YES;
				CLANG_WARN_BLOCK_CAPTURE_AUTORELEASING = YES;
				CLANG_WARN_BOOL_CONVERSION = YES;
				CLANG_WARN_COMMA = YES;
				CLANG_WARN_CONSTANT_CONVERSION = YES;
				CLANG_WARN_DEPRECATED_OBJC_IMPLEMENTATIONS = YES;
				CLANG_WARN_DIRECT_OBJC_ISA_USAGE = YES_ERROR;
				CLANG_WARN_DOCUMENTATION_COMMENTS = YES;
				CLANG_WARN_EMPTY_BODY = YES;
				CLANG_WARN_ENUM_CONVERSION = YES;
				CLANG_WARN_INFINITE_RECURSION = YES;
				CLANG_WARN_INT_CONVERSION = YES;
				CLANG_WARN_NON_LITERAL_NULL_CONVERSION = YES;
				CLANG_WARN_OBJC_IMPLICIT_RETAIN_SELF = YES;
				CLANG_WARN_OBJC_LITERAL_CONVERSION = YES;
				CLANG_WARN_OBJC_ROOT_CLASS = YES_ERROR;
				CLANG_WARN_QUOTED_INCLUDE_IN_FRAMEWORK_HEADER = YES;
				CLANG_WARN_RANGE_LOOP_ANALYSIS = YES;
				CLANG_WARN_STRICT_PROTOTYPES = YES;
				CLANG_WARN_SUSPICIOUS_MOVE = YES;
				CLANG_WARN_UNGUARDED_AVAILABILITY = YES_AGGRESSIVE;
				CLANG_WARN_UNREACHABLE_CODE = YES;
				CLANG_WARN__DUPLICATE_METHOD_MATCH = YES;
				COPY_PHASE_STRIP = NO;
				DEBUG_INFORMATION_FORMAT = dwarf;
				ENABLE_STRICT_OBJC_MSGSEND = YES;
				ENABLE_TESTABILITY = YES;
				GCC_C_LANGUAGE_STANDARD = gnu11;
				GCC_DYNAMIC_NO_PIC = NO;
				GCC_NO_COMMON_BLOCKS = YES;
				GCC_OPTIMIZATION_LEVEL = 0;
				GCC_PREPROCESSOR_DEFINITIONS = (
					"DEBUG=1",
					"$(inherited)",
				);
				GCC_WARN_64_TO_32_BIT_CONVERSION = YES;
				GCC_WARN_ABOUT_RETURN_TYPE = YES_ERROR;
				GCC_WARN_UNDECLARED_SELECTOR = YES;
				GCC_WARN_UNINITIALIZED_AUTOS = YES_AGGRESSIVE;
				GCC_WARN_UNUSED_FUNCTION = YES;
				GCC_WARN_UNUSED_VARIABLE = YES;
				IPHONEOS_DEPLOYMENT_TARGET = 15.4;
				MTL_ENABLE_DEBUG_INFO = INCLUDE_SOURCE;
				MTL_FAST_MATH = YES;
				ONLY_ACTIVE_ARCH = YES;
				SDKROOT = iphoneos;
				SWIFT_ACTIVE_COMPILATION_CONDITIONS = DEBUG;
				SWIFT_OPTIMIZATION_LEVEL = "-Onone";
			};
			name = Debug;
		};
		B364DE432832BD050095E6D7 /* Release */ = {
			isa = XCBuildConfiguration;
			buildSettings = {
				ALWAYS_SEARCH_USER_PATHS = NO;
				CLANG_ANALYZER_NONNULL = YES;
				CLANG_ANALYZER_NUMBER_OBJECT_CONVERSION = YES_AGGRESSIVE;
				CLANG_CXX_LANGUAGE_STANDARD = "gnu++17";
				CLANG_ENABLE_MODULES = YES;
				CLANG_ENABLE_OBJC_ARC = YES;
				CLANG_ENABLE_OBJC_WEAK = YES;
				CLANG_WARN_BLOCK_CAPTURE_AUTORELEASING = YES;
				CLANG_WARN_BOOL_CONVERSION = YES;
				CLANG_WARN_COMMA = YES;
				CLANG_WARN_CONSTANT_CONVERSION = YES;
				CLANG_WARN_DEPRECATED_OBJC_IMPLEMENTATIONS = YES;
				CLANG_WARN_DIRECT_OBJC_ISA_USAGE = YES_ERROR;
				CLANG_WARN_DOCUMENTATION_COMMENTS = YES;
				CLANG_WARN_EMPTY_BODY = YES;
				CLANG_WARN_ENUM_CONVERSION = YES;
				CLANG_WARN_INFINITE_RECURSION = YES;
				CLANG_WARN_INT_CONVERSION = YES;
				CLANG_WARN_NON_LITERAL_NULL_CONVERSION = YES;
				CLANG_WARN_OBJC_IMPLICIT_RETAIN_SELF = YES;
				CLANG_WARN_OBJC_LITERAL_CONVERSION = YES;
				CLANG_WARN_OBJC_ROOT_CLASS = YES_ERROR;
				CLANG_WARN_QUOTED_INCLUDE_IN_FRAMEWORK_HEADER = YES;
				CLANG_WARN_RANGE_LOOP_ANALYSIS = YES;
				CLANG_WARN_STRICT_PROTOTYPES = YES;
				CLANG_WARN_SUSPICIOUS_MOVE = YES;
				CLANG_WARN_UNGUARDED_AVAILABILITY = YES_AGGRESSIVE;
				CLANG_WARN_UNREACHABLE_CODE = YES;
				CLANG_WARN__DUPLICATE_METHOD_MATCH = YES;
				COPY_PHASE_STRIP = NO;
				DEBUG_INFORMATION_FORMAT = "dwarf-with-dsym";
				ENABLE_NS_ASSERTIONS = NO;
				ENABLE_STRICT_OBJC_MSGSEND = YES;
				GCC_C_LANGUAGE_STANDARD = gnu11;
				GCC_NO_COMMON_BLOCKS = YES;
				GCC_WARN_64_TO_32_BIT_CONVERSION = YES;
				GCC_WARN_ABOUT_RETURN_TYPE = YES_ERROR;
				GCC_WARN_UNDECLARED_SELECTOR = YES;
				GCC_WARN_UNINITIALIZED_AUTOS = YES_AGGRESSIVE;
				GCC_WARN_UNUSED_FUNCTION = YES;
				GCC_WARN_UNUSED_VARIABLE = YES;
				IPHONEOS_DEPLOYMENT_TARGET = 15.4;
				MTL_ENABLE_DEBUG_INFO = NO;
				MTL_FAST_MATH = YES;
				SDKROOT = iphoneos;
				SWIFT_COMPILATION_MODE = wholemodule;
				SWIFT_OPTIMIZATION_LEVEL = "-O";
				VALIDATE_PRODUCT = YES;
			};
			name = Release;
		};
		B364DE452832BD050095E6D7 /* Debug */ = {
			isa = XCBuildConfiguration;
			buildSettings = {
				ASSETCATALOG_COMPILER_APPICON_NAME = AppIcon;
				ASSETCATALOG_COMPILER_GLOBAL_ACCENT_COLOR_NAME = AccentColor;
				CODE_SIGN_STYLE = Automatic;
				CURRENT_PROJECT_VERSION = 1;
				GENERATE_INFOPLIST_FILE = YES;
				INFOPLIST_FILE = Yashrajsinh_MyOrder/Info.plist;
				INFOPLIST_KEY_UIApplicationSupportsIndirectInputEvents = YES;
				INFOPLIST_KEY_UILaunchStoryboardName = LaunchScreen;
				INFOPLIST_KEY_UIMainStoryboardFile = Main;
				INFOPLIST_KEY_UISupportedInterfaceOrientations_iPad = "UIInterfaceOrientationPortrait UIInterfaceOrientationPortraitUpsideDown UIInterfaceOrientationLandscapeLeft UIInterfaceOrientationLandscapeRight";
				INFOPLIST_KEY_UISupportedInterfaceOrientations_iPhone = "UIInterfaceOrientationPortrait UIInterfaceOrientationLandscapeLeft UIInterfaceOrientationLandscapeRight";
				LD_RUNPATH_SEARCH_PATHS = (
					"$(inherited)",
					"@executable_path/Frameworks",
				);
				MARKETING_VERSION = 1.0;
				PRODUCT_BUNDLE_IDENTIFIER = "com.yashraj.Yashrajsinh-MyOrder";
				PRODUCT_NAME = "$(TARGET_NAME)";
				SWIFT_EMIT_LOC_STRINGS = YES;
				SWIFT_VERSION = 5.0;
				TARGETED_DEVICE_FAMILY = "1,2";
			};
			name = Debug;
		};
		B364DE462832BD050095E6D7 /* Release */ = {
			isa = XCBuildConfiguration;
			buildSettings = {
				ASSETCATALOG_COMPILER_APPICON_NAME = AppIcon;
				ASSETCATALOG_COMPILER_GLOBAL_ACCENT_COLOR_NAME = AccentColor;
				CODE_SIGN_STYLE = Automatic;
				CURRENT_PROJECT_VERSION = 1;
				GENERATE_INFOPLIST_FILE = YES;
				INFOPLIST_FILE = Yashrajsinh_MyOrder/Info.plist;
				INFOPLIST_KEY_UIApplicationSupportsIndirectInputEvents = YES;
				INFOPLIST_KEY_UILaunchStoryboardName = LaunchScreen;
				INFOPLIST_KEY_UIMainStoryboardFile = Main;
				INFOPLIST_KEY_UISupportedInterfaceOrientations_iPad = "UIInterfaceOrientationPortrait UIInterfaceOrientationPortraitUpsideDown UIInterfaceOrientationLandscapeLeft UIInterfaceOrientationLandscapeRight";
				INFOPLIST_KEY_UISupportedInterfaceOrientations_iPhone = "UIInterfaceOrientationPortrait UIInterfaceOrientationLandscapeLeft UIInterfaceOrientationLandscapeRight";
				LD_RUNPATH_SEARCH_PATHS = (
					"$(inherited)",
					"@executable_path/Frameworks",
				);
				MARKETING_VERSION = 1.0;
				PRODUCT_BUNDLE_IDENTIFIER = "com.yashraj.Yashrajsinh-MyOrder";
				PRODUCT_NAME = "$(TARGET_NAME)";
				SWIFT_EMIT_LOC_STRINGS = YES;
				SWIFT_VERSION = 5.0;
				TARGETED_DEVICE_FAMILY = "1,2";
			};
			name = Release;
		};
/* End XCBuildConfiguration section */

/* Begin XCConfigurationList section */
		B364DE282832BD040095E6D7 /* Build configuration list for PBXProject "Yashrajsinh_MyOrder" */ = {
			isa = XCConfigurationList;
			buildConfigurations = (
				B364DE422832BD050095E6D7 /* Debug */,
				B364DE432832BD050095E6D7 /* Release */,
			);
			defaultConfigurationIsVisible = 0;
			defaultConfigurationName = Release;
		};
		B364DE442832BD050095E6D7 /* Build configuration list for PBXNativeTarget "Yashrajsinh_MyOrder" */ = {
			isa = XCConfigurationList;
			buildConfigurations = (
				B364DE452832BD050095E6D7 /* Debug */,
				B364DE462832BD050095E6D7 /* Release */,
			);
			defaultConfigurationIsVisible = 0;
			defaultConfigurationName = Release;
		};
/* End XCConfigurationList section */

/* Begin XCVersionGroup section */
		B364DE392832BD040095E6D7 /* Yashrajsinh_MyOrder.xcdatamodeld */ = {
			isa = XCVersionGroup;
			children = (
				B364DE3A2832BD040095E6D7 /* Yashrajsinh_MyOrder.xcdatamodel */,
			);
			currentVersion = B364DE3A2832BD040095E6D7 /* Yashrajsinh_MyOrder.xcdatamodel */;
			path = Yashrajsinh_MyOrder.xcdatamodeld;
			sourceTree = "<group>";
			versionGroupType = wrapper.xcdatamodel;
		};
/* End XCVersionGroup section */
	};
	rootObject = B364DE252832BD040095E6D7 /* Project object */;
}
